
Microsoft Visual Studio Solution File, Format Version 12.00
# Visual Studio Version 17
VisualStudioVersion = 17.8.34601.278
MinimumVisualStudioVersion = 10.0.40219.1
Project("{FAE04EC0-301F-11D3-BF4B-00C04F79EFBC}") = "Task1", "Task1\Task1.csproj", "{CAECF7BB-3A2B-4179-BAC2-8E39F836E6CB}"
EndProject
Global
	GlobalSection(SolutionConfigurationPlatforms) = preSolution
		Debug|Any CPU = Debug|Any CPU
		Release|Any CPU = Release|Any CPU
	EndGlobalSection
	GlobalSection(ProjectConfigurationPlatforms) = postSolution
		{CAECF7BB-3A2B-4179-BAC2-8E39F836E6CB}.Debug|Any CPU.ActiveCfg = Debug|Any CPU
		{CAECF7BB-3A2B-4179-BAC2-8E39F836E6CB}.Debug|Any CPU.Build.0 = Debug|Any CPU
		{CAECF7BB-3A2B-4179-BAC2-8E39F836E6CB}.Release|Any CPU.ActiveCfg = Release|Any CPU
		{CAECF7BB-3A2B-4179-BAC2-8E39F836E6CB}.Release|Any CPU.Build.0 = Release|Any CPU
	EndGlobalSection
	GlobalSection(SolutionProperties) = preSolution
		HideSolutionNode = FALSE
	EndGlobalSection
	GlobalSection(ExtensibilityGlobals) = postSolution
		SolutionGuid = {B9385D96-04D3-448B-A95B-9C29AA6A842A}
	EndGlobalSection
EndGlobal
